// !$*UTF8*$!
{
	archiveVersion = 1;
	classes = {
	};
	objectVersion = 50;
	objects = {

/* Begin PBXBuildFile section */
		3890D8902113DFC3002D87F8 /* AppDelegate.swift in Sources */ = {isa = PBXBuildFile; fileRef = 3890D88F2113DFC3002D87F8 /* AppDelegate.swift */; };
		3890D8952113DFC3002D87F8 /* Main.storyboard in Resources */ = {isa = PBXBuildFile; fileRef = 3890D8932113DFC3002D87F8 /* Main.storyboard */; };
		3890D8972113DFC5002D87F8 /* Assets.xcassets in Resources */ = {isa = PBXBuildFile; fileRef = 3890D8962113DFC5002D87F8 /* Assets.xcassets */; };
		3890D89A2113DFC5002D87F8 /* LaunchScreen.storyboard in Resources */ = {isa = PBXBuildFile; fileRef = 3890D8982113DFC5002D87F8 /* LaunchScreen.storyboard */; };
		3890D8AC2113FC1F002D87F8 /* CatsTableViewController.swift in Sources */ = {isa = PBXBuildFile; fileRef = 3890D8AB2113FC1F002D87F8 /* CatsTableViewController.swift */; };
		38FCF56A21155DD400075E0C /* CatsTableViewCell.swift in Sources */ = {isa = PBXBuildFile; fileRef = 38FCF56921155DD400075E0C /* CatsTableViewCell.swift */; };
		38FCF56C2115624D00075E0C /* Cat.swift in Sources */ = {isa = PBXBuildFile; fileRef = 38FCF56B2115624D00075E0C /* Cat.swift */; };
		38FCF56E2115628700075E0C /* CatMedia.swift in Sources */ = {isa = PBXBuildFile; fileRef = 38FCF56D2115628700075E0C /* CatMedia.swift */; };
		38FCF570211562E900075E0C /* CatService.swift in Sources */ = {isa = PBXBuildFile; fileRef = 38FCF56F211562E900075E0C /* CatService.swift */; };
		8BFF5BF110BFD2651D49BFAD /* Pods_CatStoryBoard.framework in Frameworks */ = {isa = PBXBuildFile; fileRef = B90745645A533C8F89051C58 /* Pods_CatStoryBoard.framework */; };
/* End PBXBuildFile section */

/* Begin PBXFileReference section */
		3890D88C2113DFC3002D87F8 /* CatStoryBoard.app */ = {isa = PBXFileReference; explicitFileType = wrapper.application; includeInIndex = 0; path = CatStoryBoard.app; sourceTree = BUILT_PRODUCTS_DIR; };
		3890D88F2113DFC3002D87F8 /* AppDelegate.swift */ = {isa = PBXFileReference; lastKnownFileType = sourcecode.swift; path = AppDelegate.swift; sourceTree = "<group>"; };
		3890D8942113DFC3002D87F8 /* Base */ = {isa = PBXFileReference; lastKnownFileType = file.storyboard; name = Base; path = Base.lproj/Main.storyboard; sourceTree = "<group>"; };
		3890D8962113DFC5002D87F8 /* Assets.xcassets */ = {isa = PBXFileReference; lastKnownFileType = folder.assetcatalog; path = Assets.xcassets; sourceTree = "<group>"; };
		3890D8992113DFC5002D87F8 /* Base */ = {isa = PBXFileReference; lastKnownFileType = file.storyboard; name = Base; path = Base.lproj/LaunchScreen.storyboard; sourceTree = "<group>"; };
		3890D89B2113DFC5002D87F8 /* Info.plist */ = {isa = PBXFileReference; lastKnownFileType = text.plist.xml; path = Info.plist; sourceTree = "<group>"; };
		3890D8AB2113FC1F002D87F8 /* CatsTableViewController.swift */ = {isa = PBXFileReference; lastKnownFileType = sourcecode.swift; path = CatsTableViewController.swift; sourceTree = "<group>"; };
		38FCF56921155DD400075E0C /* CatsTableViewCell.swift */ = {isa = PBXFileReference; lastKnownFileType = sourcecode.swift; path = CatsTableViewCell.swift; sourceTree = "<group>"; };
		38FCF56B2115624D00075E0C /* Cat.swift */ = {isa = PBXFileReference; lastKnownFileType = sourcecode.swift; path = Cat.swift; sourceTree = "<group>"; };
		38FCF56D2115628700075E0C /* CatMedia.swift */ = {isa = PBXFileReference; lastKnownFileType = sourcecode.swift; path = CatMedia.swift; sourceTree = "<group>"; };
		38FCF56F211562E900075E0C /* CatService.swift */ = {isa = PBXFileReference; lastKnownFileType = sourcecode.swift; path = CatService.swift; sourceTree = "<group>"; };
		8309E3C5403A2F3E4B4E051B /* Pods-CatStoryBoard.release.xcconfig */ = {isa = PBXFileReference; includeInIndex = 1; lastKnownFileType = text.xcconfig; name = "Pods-CatStoryBoard.release.xcconfig"; path = "Pods/Target Support Files/Pods-CatStoryBoard/Pods-CatStoryBoard.release.xcconfig"; sourceTree = "<group>"; };
		B90745645A533C8F89051C58 /* Pods_CatStoryBoard.framework */ = {isa = PBXFileReference; explicitFileType = wrapper.framework; includeInIndex = 0; path = Pods_CatStoryBoard.framework; sourceTree = BUILT_PRODUCTS_DIR; };
		D840A0BC6F5B4FD8782F1728 /* Pods-CatStoryBoard.debug.xcconfig */ = {isa = PBXFileReference; includeInIndex = 1; lastKnownFileType = text.xcconfig; name = "Pods-CatStoryBoard.debug.xcconfig"; path = "Pods/Target Support Files/Pods-CatStoryBoard/Pods-CatStoryBoard.debug.xcconfig"; sourceTree = "<group>"; };
/* End PBXFileReference section */

/* Begin PBXFrameworksBuildPhase section */
		3890D8892113DFC3002D87F8 /* Frameworks */ = {
			isa = PBXFrameworksBuildPhase;
			buildActionMask = 2147483647;
			files = (
				8BFF5BF110BFD2651D49BFAD /* Pods_CatStoryBoard.framework in Frameworks */,
			);
			runOnlyForDeploymentPostprocessing = 0;
		};
/* End PBXFrameworksBuildPhase section */

/* Begin PBXGroup section */
		3890D8832113DFC3002D87F8 = {
			isa = PBXGroup;
			children = (
				3890D8A62113E128002D87F8 /* Models */,
				3890D8A52113E10C002D87F8 /* Views */,
				3890D8A42113E0F0002D87F8 /* Networking */,
				3890D88E2113DFC3002D87F8 /* CatStoryBoard */,
				3890D88D2113DFC3002D87F8 /* Products */,
				E4AF37566C407CA566F24257 /* Pods */,
				F4F4F7B8F1143153AD012F26 /* Frameworks */,
			);
			sourceTree = "<group>";
		};
		3890D88D2113DFC3002D87F8 /* Products */ = {
			isa = PBXGroup;
			children = (
				3890D88C2113DFC3002D87F8 /* CatStoryBoard.app */,
			);
			name = Products;
			sourceTree = "<group>";
		};
		3890D88E2113DFC3002D87F8 /* CatStoryBoard */ = {
			isa = PBXGroup;
			children = (
				3890D88F2113DFC3002D87F8 /* AppDelegate.swift */,
				3890D8932113DFC3002D87F8 /* Main.storyboard */,
				3890D8962113DFC5002D87F8 /* Assets.xcassets */,
				3890D8982113DFC5002D87F8 /* LaunchScreen.storyboard */,
				3890D89B2113DFC5002D87F8 /* Info.plist */,
			);
			path = CatStoryBoard;
			sourceTree = "<group>";
		};
		3890D8A42113E0F0002D87F8 /* Networking */ = {
			isa = PBXGroup;
			children = (
				38FCF56F211562E900075E0C /* CatService.swift */,
			);
			path = Networking;
			sourceTree = "<group>";
		};
		3890D8A52113E10C002D87F8 /* Views */ = {
			isa = PBXGroup;
			children = (
				3890D8AB2113FC1F002D87F8 /* CatsTableViewController.swift */,
				38FCF56921155DD400075E0C /* CatsTableViewCell.swift */,
			);
			path = Views;
			sourceTree = "<group>";
		};
		3890D8A62113E128002D87F8 /* Models */ = {
			isa = PBXGroup;
			children = (
				38FCF56B2115624D00075E0C /* Cat.swift */,
				38FCF56D2115628700075E0C /* CatMedia.swift */,
			);
			path = Models;
			sourceTree = "<group>";
		};
		E4AF37566C407CA566F24257 /* Pods */ = {
			isa = PBXGroup;
			children = (
				D840A0BC6F5B4FD8782F1728 /* Pods-CatStoryBoard.debug.xcconfig */,
				8309E3C5403A2F3E4B4E051B /* Pods-CatStoryBoard.release.xcconfig */,
			);
			name = Pods;
			sourceTree = "<group>";
		};
		F4F4F7B8F1143153AD012F26 /* Frameworks */ = {
			isa = PBXGroup;
			children = (
				B90745645A533C8F89051C58 /* Pods_CatStoryBoard.framework */,
			);
			name = Frameworks;
			sourceTree = "<group>";
		};
/* End PBXGroup section */

/* Begin PBXNativeTarget section */
		3890D88B2113DFC3002D87F8 /* CatStoryBoard */ = {
			isa = PBXNativeTarget;
			buildConfigurationList = 3890D89E2113DFC5002D87F8 /* Build configuration list for PBXNativeTarget "CatStoryBoard" */;
			buildPhases = (
				91034C94C0BF514D6CB4FB05 /* [CP] Check Pods Manifest.lock */,
				3890D8882113DFC3002D87F8 /* Sources */,
				3890D8892113DFC3002D87F8 /* Frameworks */,
				3890D88A2113DFC3002D87F8 /* Resources */,
				580661B035EEF7F5B55A907E /* [CP] Embed Pods Frameworks */,
			);
			buildRules = (
			);
			dependencies = (
			);
			name = CatStoryBoard;
			productName = CatStoryBoard;
			productReference = 3890D88C2113DFC3002D87F8 /* CatStoryBoard.app */;
			productType = "com.apple.product-type.application";
		};
/* End PBXNativeTarget section */

/* Begin PBXProject section */
		3890D8842113DFC3002D87F8 /* Project object */ = {
			isa = PBXProject;
			attributes = {
				LastSwiftUpdateCheck = 0940;
				LastUpgradeCheck = 0940;
				ORGANIZATIONNAME = "Yasmin Almario";
				TargetAttributes = {
					3890D88B2113DFC3002D87F8 = {
						CreatedOnToolsVersion = 9.4.1;
					};
				};
			};
			buildConfigurationList = 3890D8872113DFC3002D87F8 /* Build configuration list for PBXProject "CatStoryBoard" */;
			compatibilityVersion = "Xcode 9.3";
			developmentRegion = en;
			hasScannedForEncodings = 0;
			knownRegions = (
				en,
				Base,
			);
			mainGroup = 3890D8832113DFC3002D87F8;
			productRefGroup = 3890D88D2113DFC3002D87F8 /* Products */;
			projectDirPath = "";
			projectRoot = "";
			targets = (
				3890D88B2113DFC3002D87F8 /* CatStoryBoard */,
			);
		};
/* End PBXProject section */

/* Begin PBXResourcesBuildPhase section */
		3890D88A2113DFC3002D87F8 /* Resources */ = {
			isa = PBXResourcesBuildPhase;
			buildActionMask = 2147483647;
			files = (
				3890D89A2113DFC5002D87F8 /* LaunchScreen.storyboard in Resources */,
				3890D8972113DFC5002D87F8 /* Assets.xcassets in Resources */,
				3890D8952113DFC3002D87F8 /* Main.storyboard in Resources */,
			);
			runOnlyForDeploymentPostprocessing = 0;
		};
/* End PBXResourcesBuildPhase section */

/* Begin PBXShellScriptBuildPhase section */
		580661B035EEF7F5B55A907E /* [CP] Embed Pods Frameworks */ = {
			isa = PBXShellScriptBuildPhase;
			buildActionMask = 2147483647;
			files = (
			);
			inputPaths = (
				"${SRCROOT}/Pods/Target Support Files/Pods-CatStoryBoard/Pods-CatStoryBoard-frameworks.sh",
				"${BUILT_PRODUCTS_DIR}/Alamofire/Alamofire.framework",
				"${BUILT_PRODUCTS_DIR}/Kingfisher/Kingfisher.framework",
				"${BUILT_PRODUCTS_DIR}/Moya/Moya.framework",
				"${BUILT_PRODUCTS_DIR}/Result/Result.framework",
				"${BUILT_PRODUCTS_DIR}/SVProgressHUD/SVProgressHUD.framework",
				"${BUILT_PRODUCTS_DIR}/SnapKit/SnapKit.framework",
				"${BUILT_PRODUCTS_DIR}/SwiftyJSON/SwiftyJSON.framework",
			);
			name = "[CP] Embed Pods Frameworks";
			outputPaths = (
				"${TARGET_BUILD_DIR}/${FRAMEWORKS_FOLDER_PATH}/Alamofire.framework",
				"${TARGET_BUILD_DIR}/${FRAMEWORKS_FOLDER_PATH}/Kingfisher.framework",
				"${TARGET_BUILD_DIR}/${FRAMEWORKS_FOLDER_PATH}/Moya.framework",
				"${TARGET_BUILD_DIR}/${FRAMEWORKS_FOLDER_PATH}/Result.framework",
				"${TARGET_BUILD_DIR}/${FRAMEWORKS_FOLDER_PATH}/SVProgressHUD.framework",
				"${TARGET_BUILD_DIR}/${FRAMEWORKS_FOLDER_PATH}/SnapKit.framework",
				"${TARGET_BUILD_DIR}/${FRAMEWORKS_FOLDER_PATH}/SwiftyJSON.framework",
			);
			runOnlyForDeploymentPostprocessing = 0;
			shellPath = /bin/sh;
			shellScript = "\"${SRCROOT}/Pods/Target Support Files/Pods-CatStoryBoard/Pods-CatStoryBoard-frameworks.sh\"\n";
			showEnvVarsInLog = 0;
		};
		91034C94C0BF514D6CB4FB05 /* [CP] Check Pods Manifest.lock */ = {
			isa = PBXShellScriptBuildPhase;
			buildActionMask = 2147483647;
			files = (
			);
			inputPaths = (
				"${PODS_PODFILE_DIR_PATH}/Podfile.lock",
				"${PODS_ROOT}/Manifest.lock",
			);
			name = "[CP] Check Pods Manifest.lock";
			outputPaths = (
				"$(DERIVED_FILE_DIR)/Pods-CatStoryBoard-checkManifestLockResult.txt",
			);
			runOnlyForDeploymentPostprocessing = 0;
			shellPath = /bin/sh;
			shellScript = "diff \"${PODS_PODFILE_DIR_PATH}/Podfile.lock\" \"${PODS_ROOT}/Manifest.lock\" > /dev/null\nif [ $? != 0 ] ; then\n    # print error to STDERR\n    echo \"error: The sandbox is not in sync with the Podfile.lock. Run 'pod install' or update your CocoaPods installation.\" >&2\n    exit 1\nfi\n# This output is used by Xcode 'outputs' to avoid re-running this script phase.\necho \"SUCCESS\" > \"${SCRIPT_OUTPUT_FILE_0}\"\n";
			showEnvVarsInLog = 0;
		};
/* End PBXShellScriptBuildPhase section */

/* Begin PBXSourcesBuildPhase section */
		3890D8882113DFC3002D87F8 /* Sources */ = {
			isa = PBXSourcesBuildPhase;
			buildActionMask = 2147483647;
			files = (
				38FCF570211562E900075E0C /* CatService.swift in Sources */,
				38FCF56C2115624D00075E0C /* Cat.swift in Sources */,
				38FCF56A21155DD400075E0C /* CatsTableViewCell.swift in Sources */,
				38FCF56E2115628700075E0C /* CatMedia.swift in Sources */,
				3890D8AC2113FC1F002D87F8 /* CatsTableViewController.swift in Sources */,
				3890D8902113DFC3002D87F8 /* AppDelegate.swift in Sources */,
			);
			runOnlyForDeploymentPostprocessing = 0;
		};
/* End PBXSourcesBuildPhase section */

/* Begin PBXVariantGroup section */
		3890D8932113DFC3002D87F8 /* Main.storyboard */ = {
			isa = PBXVariantGroup;
			children = (
				3890D8942113DFC3002D87F8 /* Base */,
			);
			name = Main.storyboard;
			sourceTree = "<group>";
		};
		3890D8982113DFC5002D87F8 /* LaunchScreen.storyboard */ = {
			isa = PBXVariantGroup;
			children = (
				3890D8992113DFC5002D87F8 /* Base */,
			);
			name = LaunchScreen.storyboard;
			sourceTree = "<group>";
		};
/* End PBXVariantGroup section */

/* Begin XCBuildConfiguration section */
		3890D89C2113DFC5002D87F8 /* Debug */ = {
			isa = XCBuildConfiguration;
			buildSettings = {
				ALWAYS_SEARCH_USER_PATHS = NO;
				CLANG_ANALYZER_NONNULL = YES;
				CLANG_ANALYZER_NUMBER_OBJECT_CONVERSION = YES_AGGRESSIVE;
				CLANG_CXX_LANGUAGE_STANDARD = "gnu++14";
				CLANG_CXX_LIBRARY = "libc++";
				CLANG_ENABLE_MODULES = YES;
				CLANG_ENABLE_OBJC_ARC = YES;
				CLANG_ENABLE_OBJC_WEAK = YES;
				CLANG_WARN_BLOCK_CAPTURE_AUTORELEASING = YES;
				CLANG_WARN_BOOL_CONVERSION = YES;
				CLANG_WARN_COMMA = YES;
				CLANG_WARN_CONSTANT_CONVERSION = YES;
				CLANG_WARN_DEPRECATED_OBJC_IMPLEMENTATIONS = YES;
				CLANG_WARN_DIRECT_OBJC_ISA_USAGE = YES_ERROR;
				CLANG_WARN_DOCUMENTATION_COMMENTS = YES;
				CLANG_WARN_EMPTY_BODY = YES;
				CLANG_WARN_ENUM_CONVERSION = YES;
				CLANG_WARN_INFINITE_RECURSION = YES;
				CLANG_WARN_INT_CONVERSION = YES;
				CLANG_WARN_NON_LITERAL_NULL_CONVERSION = YES;
				CLANG_WARN_OBJC_IMPLICIT_RETAIN_SELF = YES;
				CLANG_WARN_OBJC_LITERAL_CONVERSION = YES;
				CLANG_WARN_OBJC_ROOT_CLASS = YES_ERROR;
				CLANG_WARN_RANGE_LOOP_ANALYSIS = YES;
				CLANG_WARN_STRICT_PROTOTYPES = YES;
				CLANG_WARN_SUSPICIOUS_MOVE = YES;
				CLANG_WARN_UNGUARDED_AVAILABILITY = YES_AGGRESSIVE;
				CLANG_WARN_UNREACHABLE_CODE = YES;
				CLANG_WARN__DUPLICATE_METHOD_MATCH = YES;
				CODE_SIGN_IDENTITY = "iPhone Developer";
				COPY_PHASE_STRIP = NO;
				DEBUG_INFORMATION_FORMAT = dwarf;
				ENABLE_STRICT_OBJC_MSGSEND = YES;
				ENABLE_TESTABILITY = YES;
				GCC_C_LANGUAGE_STANDARD = gnu11;
				GCC_DYNAMIC_NO_PIC = NO;
				GCC_NO_COMMON_BLOCKS = YES;
				GCC_OPTIMIZATION_LEVEL = 0;
				GCC_PREPROCESSOR_DEFINITIONS = (
					"DEBUG=1",
					"$(inherited)",
				);
				GCC_WARN_64_TO_32_BIT_CONVERSION = YES;
				GCC_WARN_ABOUT_RETURN_TYPE = YES_ERROR;
				GCC_WARN_UNDECLARED_SELECTOR = YES;
				GCC_WARN_UNINITIALIZED_AUTOS = YES_AGGRESSIVE;
				GCC_WARN_UNUSED_FUNCTION = YES;
				GCC_WARN_UNUSED_VARIABLE = YES;
				IPHONEOS_DEPLOYMENT_TARGET = 11.4;
				MTL_ENABLE_DEBUG_INFO = YES;
				ONLY_ACTIVE_ARCH = YES;
				SDKROOT = iphoneos;
				SWIFT_ACTIVE_COMPILATION_CONDITIONS = DEBUG;
				SWIFT_OPTIMIZATION_LEVEL = "-Onone";
			};
			name = Debug;
		};
		3890D89D2113DFC5002D87F8 /* Release */ = {
			isa = XCBuildConfiguration;
			buildSettings = {
				ALWAYS_SEARCH_USER_PATHS = NO;
				CLANG_ANALYZER_NONNULL = YES;
				CLANG_ANALYZER_NUMBER_OBJECT_CONVERSION = YES_AGGRESSIVE;
				CLANG_CXX_LANGUAGE_STANDARD = "gnu++14";
				CLANG_CXX_LIBRARY = "libc++";
				CLANG_ENABLE_MODULES = YES;
				CLANG_ENABLE_OBJC_ARC = YES;
				CLANG_ENABLE_OBJC_WEAK = YES;
				CLANG_WARN_BLOCK_CAPTURE_AUTORELEASING = YES;
				CLANG_WARN_BOOL_CONVERSION = YES;
				CLANG_WARN_COMMA = YES;
				CLANG_WARN_CONSTANT_CONVERSION = YES;
				CLANG_WARN_DEPRECATED_OBJC_IMPLEMENTATIONS = YES;
				CLANG_WARN_DIRECT_OBJC_ISA_USAGE = YES_ERROR;
				CLANG_WARN_DOCUMENTATION_COMMENTS = YES;
				CLANG_WARN_EMPTY_BODY = YES;
				CLANG_WARN_ENUM_CONVERSION = YES;
				CLANG_WARN_INFINITE_RECURSION = YES;
				CLANG_WARN_INT_CONVERSION = YES;
				CLANG_WARN_NON_LITERAL_NULL_CONVERSION = YES;
				CLANG_WARN_OBJC_IMPLICIT_RETAIN_SELF = YES;
				CLANG_WARN_OBJC_LITERAL_CONVERSION = YES;
				CLANG_WARN_OBJC_ROOT_CLASS = YES_ERROR;
				CLANG_WARN_RANGE_LOOP_ANALYSIS = YES;
				CLANG_WARN_STRICT_PROTOTYPES = YES;
				CLANG_WARN_SUSPICIOUS_MOVE = YES;
				CLANG_WARN_UNGUARDED_AVAILABILITY = YES_AGGRESSIVE;
				CLANG_WARN_UNREACHABLE_CODE = YES;
				CLANG_WARN__DUPLICATE_METHOD_MATCH = YES;
				CODE_SIGN_IDENTITY = "iPhone Developer";
				COPY_PHASE_STRIP = NO;
				DEBUG_INFORMATION_FORMAT = "dwarf-with-dsym";
				ENABLE_NS_ASSERTIONS = NO;
				ENABLE_STRICT_OBJC_MSGSEND = YES;
				GCC_C_LANGUAGE_STANDARD = gnu11;
				GCC_NO_COMMON_BLOCKS = YES;
				GCC_WARN_64_TO_32_BIT_CONVERSION = YES;
				GCC_WARN_ABOUT_RETURN_TYPE = YES_ERROR;
				GCC_WARN_UNDECLARED_SELECTOR = YES;
				GCC_WARN_UNINITIALIZED_AUTOS = YES_AGGRESSIVE;
				GCC_WARN_UNUSED_FUNCTION = YES;
				GCC_WARN_UNUSED_VARIABLE = YES;
				IPHONEOS_DEPLOYMENT_TARGET = 11.4;
				MTL_ENABLE_DEBUG_INFO = NO;
				SDKROOT = iphoneos;
				SWIFT_COMPILATION_MODE = wholemodule;
				SWIFT_OPTIMIZATION_LEVEL = "-O";
				VALIDATE_PRODUCT = YES;
			};
			name = Release;
		};
		3890D89F2113DFC5002D87F8 /* Debug */ = {
			isa = XCBuildConfiguration;
			baseConfigurationReference = D840A0BC6F5B4FD8782F1728 /* Pods-CatStoryBoard.debug.xcconfig */;
			buildSettings = {
				ASSETCATALOG_COMPILER_APPICON_NAME = AppIcon;
				CODE_SIGN_STYLE = Automatic;
				DEVELOPMENT_TEAM = R4Y7V2R7UY;
				INFOPLIST_FILE = CatStoryBoard/Info.plist;
				LD_RUNPATH_SEARCH_PATHS = (
					"$(inherited)",
					"@executable_path/Frameworks",
				);
				PRODUCT_BUNDLE_IDENTIFIER = com.yas.CatStoryBoard;
				PRODUCT_NAME = "$(TARGET_NAME)";
				SWIFT_VERSION = 4.0;
				TARGETED_DEVICE_FAMILY = "1,2";
			};
			name = Debug;
		};
		3890D8A02113DFC5002D87F8 /* Release */ = {
			isa = XCBuildConfiguration;
			baseConfigurationReference = 8309E3C5403A2F3E4B4E051B /* Pods-CatStoryBoard.release.xcconfig */;
			buildSettings = {
				ASSETCATALOG_COMPILER_APPICON_NAME = AppIcon;
				CODE_SIGN_STYLE = Automatic;
				DEVELOPMENT_TEAM = R4Y7V2R7UY;
				INFOPLIST_FILE = CatStoryBoard/Info.plist;
				LD_RUNPATH_SEARCH_PATHS = (
					"$(inherited)",
					"@executable_path/Frameworks",
				);
				PRODUCT_BUNDLE_IDENTIFIER = com.yas.CatStoryBoard;
				PRODUCT_NAME = "$(TARGET_NAME)";
				SWIFT_VERSION = 4.0;
				TARGETED_DEVICE_FAMILY = "1,2";
			};
			name = Release;
		};
/* End XCBuildConfiguration section */

/* Begin XCConfigurationList section */
		3890D8872113DFC3002D87F8 /* Build configuration list for PBXProject "CatStoryBoard" */ = {
			isa = XCConfigurationList;
			buildConfigurations = (
				3890D89C2113DFC5002D87F8 /* Debug */,
				3890D89D2113DFC5002D87F8 /* Release */,
			);
			defaultConfigurationIsVisible = 0;
			defaultConfigurationName = Release;
		};
		3890D89E2113DFC5002D87F8 /* Build configuration list for PBXNativeTarget "CatStoryBoard" */ = {
			isa = XCConfigurationList;
			buildConfigurations = (
				3890D89F2113DFC5002D87F8 /* Debug */,
				3890D8A02113DFC5002D87F8 /* Release */,
			);
			defaultConfigurationIsVisible = 0;
			defaultConfigurationName = Release;
		};
/* End XCConfigurationList section */
	};
	rootObject = 3890D8842113DFC3002D87F8 /* Project object */;
}
